
Microsoft Visual Studio Solution File, Format Version 12.00
# Visual Studio Version 16
VisualStudioVersion = 25.0.1705.7
MinimumVisualStudioVersion = 10.0.40219.1
Project("{FAE04EC0-301F-11D3-BF4B-00C04F79EFBC}") = "Elibrary management", "Elibrary management.csproj", "{33912AB8-C001-4F36-8F66-39FA93B73581}"
EndProject
Global
	GlobalSection(SolutionConfigurationPlatforms) = preSolution
		Debug|Any CPU = Debug|Any CPU
		Release|Any CPU = Release|Any CPU
	EndGlobalSection
	GlobalSection(ProjectConfigurationPlatforms) = postSolution
		{33912AB8-C001-4F36-8F66-39FA93B73581}.Debug|Any CPU.ActiveCfg = Debug|Any CPU
		{33912AB8-C001-4F36-8F66-39FA93B73581}.Debug|Any CPU.Build.0 = Debug|Any CPU
		{33912AB8-C001-4F36-8F66-39FA93B73581}.Release|Any CPU.ActiveCfg = Release|Any CPU
		{33912AB8-C001-4F36-8F66-39FA93B73581}.Release|Any CPU.Build.0 = Release|Any CPU
	EndGlobalSection
	GlobalSection(SolutionProperties) = preSolution
		HideSolutionNode = FALSE
	EndGlobalSection
	GlobalSection(ExtensibilityGlobals) = postSolution
		SolutionGuid = {DC1EEDD3-AB4A-4E04-A5EB-E8D2C61BD902}
	EndGlobalSection
EndGlobal
